dependencies:
- name: gateway-helm
  repository: oci://docker.io/envoyproxy
  version: 1.9.0-rc.0
- name: homelab-chart
  repository: oci://ghcr.io/kdwils/charts
  version: 0.1.30
digest: sha256:05265b9bcdd4775f0e688871f00b187ebba72c39a5aaf892bc5867171aff20cd
generated: "2026-05-01T03:56:17.73424195Z"
