dependencies:
- name: gateway-helm
  repository: oci://docker.io/envoyproxy
  version: 1.8.0-rc.0
- name: homelab-chart
  repository: oci://ghcr.io/kdwils/charts
  version: 0.1.30
digest: sha256:f13851aeea04a5ba0b1e972ccf492f8ce1077dfce7b9878ebdb147f6dcdcaa29
generated: "2026-04-18T05:24:20.379278473Z"
