dependencies:
- name: nats
  repository: https://nats-io.github.io/k8s/helm/charts/
  version: 2.12.5
- name: homelab-chart
  repository: oci://ghcr.io/kdwils/charts
  version: 0.1.15
digest: sha256:9bb3525b469e322abb06424c04b12c5122c9d08951304404d2ac5978f5ac9ba0
generated: "2026-03-20T20:02:37.568431-04:00"
