dependencies:
- name: nats
  repository: https://nats-io.github.io/k8s/helm/charts/
  version: 2.12.6
- name: homelab-chart
  repository: oci://ghcr.io/kdwils/charts
  version: 0.1.16
digest: sha256:0ce419e5f7463ff3090b3ba848d5f1c58a1bd282ced97e1fa75500981110718e
generated: "2026-04-01T16:08:00.495411553Z"
