dependencies:
- name: tailscale-operator
  repository: https://pkgs.tailscale.com/helmcharts
  version: 1.94.2
- name: homelab-chart
  repository: https://kdwils.github.io/helm-charts
  version: 0.1.14
digest: sha256:41b8bb760d874d6f8313fa344bad162d22313185b198dd551883323e17b31bd6
generated: "2026-03-01T19:20:40.838067151Z"
