dependencies:
- name: tailscale-operator
  repository: https://pkgs.tailscale.com/helmcharts
  version: 1.94.1
- name: homelab-chart
  repository: https://kdwils.github.io/helm-charts
  version: 0.1.12
digest: sha256:5ce24a7d09d0618ca3cf87c008c2aecd39a0a84e5296f74a8c009435573e5292
generated: "2026-02-06T06:08:42.732982294Z"
