dependencies:
- name: envoy-proxy-bouncer
  repository: oci://ghcr.io/kdwils/charts
  version: 0.6.0
- name: homelab-chart
  repository: oci://ghcr.io/kdwils/charts
  version: 0.1.19
digest: sha256:aceb3fb1edaf960366c780767f239321a0ce009deeff5dc4418906c73914d67b
generated: "2026-04-05T04:20:45.244893709Z"
