dependencies:
- name: envoy-proxy-bouncer
  repository: oci://ghcr.io/kdwils/charts
  version: 0.8.1
- name: homelab-chart
  repository: oci://ghcr.io/kdwils/charts
  version: 0.2.0
digest: sha256:df24ad40361dc2cf044266ec28518df835e4e58c13ea53775ffdfe08076c01a8
generated: "2026-10-07T05:03:09.42247237Z"
