dependencies:
- name: crowdsec
  repository: https://crowdsecurity.github.io/helm-charts
  version: 0.22.0
- name: homelab-chart
  repository: https://kdwils.github.io/helm-charts
  version: 0.1.13
digest: sha256:325ea338a67a38d9bd5c9d7917774ad05a79f343fda3c9d6c15fbf52e5886b66
generated: "2026-02-11T06:21:39.558493197Z"
