dependencies:
- name: crowdsec
  repository: https://crowdsecurity.github.io/helm-charts
  version: 0.23.0
- name: homelab-chart
  repository: oci://ghcr.io/kdwils/charts
  version: 0.1.27
digest: sha256:5002de6f6c31d369e7e9a3217bdb03bad1ff2be1877a288f7a98f492abc42f35
generated: "2026-04-12T15:13:00.822616464Z"
