dependencies:
- name: envoy-proxy-bouncer
  repository: https://kdwils.github.io/envoy-proxy-crowdsec-bouncer
  version: 0.4.1
- name: homelab-chart
  repository: https://kdwils.github.io/helm-charts
  version: 0.1.4
digest: sha256:6ad0fda2599d105c29dbdb05d8d5936ae7575135f4fa71f47759a27639bb1ee0
generated: "2025-11-13T17:14:54.791869543Z"
