dependencies:
- name: kube-prometheus-stack
  repository: https://prometheus-community.github.io/helm-charts
  version: 85.3.2
- name: homelab-chart
  repository: oci://ghcr.io/kdwils/charts
  version: 0.1.30
digest: sha256:9dc80d0f77684da5769258e3936d131f3513d783a1e643ad0668110a5077f98c
generated: "2026-06-17T12:52:46.78595466Z"
