dependencies:
- name: kube-prometheus-stack
  repository: https://prometheus-community.github.io/helm-charts
  version: 85.3.3
- name: homelab-chart
  repository: oci://ghcr.io/kdwils/charts
  version: 0.1.30
digest: sha256:3dc04aa76d5676f53f5b620e1bd7ae7cf4119b552dbc88637602c17786664bf5
generated: "2026-06-17T13:53:35.533359905Z"
