dependencies:
- name: kargo
  repository: oci://ghcr.io/akuity/kargo-charts
  version: 1.9.2
- name: homelab-chart
  repository: https://kdwils.github.io/helm-charts
  version: 0.1.11
digest: sha256:7be8262ce650a5db86bafa26f69a5ec785428d22842bfce198b102e575c2f93d
generated: "2026-02-02T13:31:11.804164118Z"
