dependencies:
- name: longhorn
  repository: https://charts.longhorn.io
  version: 1.10.1
- name: homelab-chart
  repository: https://kdwils.github.io/helm-charts
  version: 0.1.8
digest: sha256:643acb53661a97eae0ffc7c584154ecd5390bda3e81c154f05863561b144d804
generated: "2026-01-22T23:55:36.098166536Z"
