dependencies:
- name: seerr-chart
  repository: oci://ghcr.io/seerr-team/seerr
  version: 3.4.1
- name: homelab-chart
  repository: oci://ghcr.io/kdwils/charts
  version: 0.1.26
digest: sha256:c90509f424d28c9716f96d999b55f6ca9ea05883f14d747aebcc2657c8f8084f
generated: "2026-04-10T16:18:33.215009558Z"
