dependencies:
- name: seerr-chart
  repository: oci://ghcr.io/seerr-team/seerr
  version: 3.3.1
- name: homelab-chart
  repository: oci://ghcr.io/kdwils/charts
  version: 0.1.19
digest: sha256:896859f1129712b7a534516c21f620dfc73ae0f4935d92f77e584027eb633c9f
generated: "2026-04-05T04:24:15.64148965Z"
