dependencies:
- name: argo-cd
  repository: https://argoproj.github.io/argo-helm
  version: 10.9.2
- name: homelab-chart
  repository: oci://ghcr.io/kdwils/charts
  version: 0.1.31
digest: sha256:d4eef0997e1d1b236ea5b03346104173b12f5491b59a535ce64c885d2405fbdc
generated: "2026-09-17T10:23:18.158758556Z"
